// !$*UTF8*$!
{
	archiveVersion = 1;
	classes = {
	};
	objectVersion = 56;
	objects = {

/* Begin PBXBuildFile section */
		73C4BC1A2D87132500B792A0 /* InstalledCardView.swift in Sources */ = {isa = PBXBuildFile; fileRef = 73C4BC192D87132500B792A0 /* InstalledCardView.swift */; };
		73C725BC2D820207002EA262 /* MalsardevApp.swift in Sources */ = {isa = PBXBuildFile; fileRef = 73C725BB2D820207002EA262 /* MalsardevApp.swift */; };
		73C725BE2D820207002EA262 /* FatherView.swift in Sources */ = {isa = PBXBuildFile; fileRef = 73C725BD2D820207002EA262 /* FatherView.swift */; };
		73C725C02D820209002EA262 /* Assets.xcassets in Resources */ = {isa = PBXBuildFile; fileRef = 73C725BF2D820209002EA262 /* Assets.xcassets */; };
		73C725C32D820209002EA262 /* Preview Assets.xcassets in Resources */ = {isa = PBXBuildFile; fileRef = 73C725C22D820209002EA262 /* Preview Assets.xcassets */; };
		73C726072D82035E002EA262 /* AuthView.swift in Sources */ = {isa = PBXBuildFile; fileRef = 73C726062D82035E002EA262 /* AuthView.swift */; };
		73C7260B2D82039D002EA262 /* ExpandedProdView.swift in Sources */ = {isa = PBXBuildFile; fileRef = 73C7260A2D82039D002EA262 /* ExpandedProdView.swift */; };
		73C7260D2D8203B3002EA262 /* HomeView.swift in Sources */ = {isa = PBXBuildFile; fileRef = 73C7260C2D8203B3002EA262 /* HomeView.swift */; };
		73C7260F2D8203C2002EA262 /* HomeViewModel.swift in Sources */ = {isa = PBXBuildFile; fileRef = 73C7260E2D8203C2002EA262 /* HomeViewModel.swift */; };
		73C726112D8203CF002EA262 /* MainView.swift in Sources */ = {isa = PBXBuildFile; fileRef = 73C726102D8203CF002EA262 /* MainView.swift */; };
		73C726132D8203DD002EA262 /* opainjectView.swift in Sources */ = {isa = PBXBuildFile; fileRef = 73C726122D8203DD002EA262 /* opainjectView.swift */; };
		73C726152D8203EE002EA262 /* ProdCardView.swift in Sources */ = {isa = PBXBuildFile; fileRef = 73C726142D8203EE002EA262 /* ProdCardView.swift */; };
		73C726172D820400002EA262 /* SettingsView.swift in Sources */ = {isa = PBXBuildFile; fileRef = 73C726162D820400002EA262 /* SettingsView.swift */; };
		73C7261C2D820454002EA262 /* Color++.swift in Sources */ = {isa = PBXBuildFile; fileRef = 73C7261B2D820454002EA262 /* Color++.swift */; };
		73C726202D820485002EA262 /* CoreServices.framework in Frameworks */ = {isa = PBXBuildFile; fileRef = 73C7261F2D820485002EA262 /* CoreServices.framework */; };
		73C726222D82048A002EA262 /* MobileCoreServices.framework in Frameworks */ = {isa = PBXBuildFile; fileRef = 73C726212D82048A002EA262 /* MobileCoreServices.framework */; };
		73C726242D8204B6002EA262 /* procode.swift in Sources */ = {isa = PBXBuildFile; fileRef = 73C726232D8204B6002EA262 /* procode.swift */; };
		73C726272D8204EA002EA262 /* TSUtil.m in Sources */ = {isa = PBXBuildFile; fileRef = 73C726262D8204EA002EA262 /* TSUtil.m */; };
		73C7262B2D820526002EA262 /* vm_unaligned_copy_switch_race.c in Sources */ = {isa = PBXBuildFile; fileRef = 73C7262A2D820526002EA262 /* vm_unaligned_copy_switch_race.c */; };
		73C7262E2D820570002EA262 /* helpers.m in Sources */ = {isa = PBXBuildFile; fileRef = 73C7262D2D820570002EA262 /* helpers.m */; };
		73C726312D8205A3002EA262 /* grant_full_disk_access.m in Sources */ = {isa = PBXBuildFile; fileRef = 73C726302D8205A3002EA262 /* grant_full_disk_access.m */; };
/* End PBXBuildFile section */

/* Begin PBXFileReference section */
		73C4BC192D87132500B792A0 /* InstalledCardView.swift */ = {isa = PBXFileReference; lastKnownFileType = sourcecode.swift; path = InstalledCardView.swift; sourceTree = "<group>"; };
		73C725B82D820207002EA262 /* Malsardev.app */ = {isa = PBXFileReference; explicitFileType = wrapper.application; includeInIndex = 0; path = Malsardev.app; sourceTree = BUILT_PRODUCTS_DIR; };
		73C725BB2D820207002EA262 /* MalsardevApp.swift */ = {isa = PBXFileReference; lastKnownFileType = sourcecode.swift; path = MalsardevApp.swift; sourceTree = "<group>"; };
		73C725BD2D820207002EA262 /* FatherView.swift */ = {isa = PBXFileReference; lastKnownFileType = sourcecode.swift; path = FatherView.swift; sourceTree = "<group>"; };
		73C725BF2D820209002EA262 /* Assets.xcassets */ = {isa = PBXFileReference; lastKnownFileType = folder.assetcatalog; path = Assets.xcassets; sourceTree = "<group>"; };
		73C725C22D820209002EA262 /* Preview Assets.xcassets */ = {isa = PBXFileReference; lastKnownFileType = folder.assetcatalog; path = "Preview Assets.xcassets"; sourceTree = "<group>"; };
		73C726062D82035E002EA262 /* AuthView.swift */ = {isa = PBXFileReference; lastKnownFileType = sourcecode.swift; path = AuthView.swift; sourceTree = "<group>"; };
		73C7260A2D82039D002EA262 /* ExpandedProdView.swift */ = {isa = PBXFileReference; lastKnownFileType = sourcecode.swift; path = ExpandedProdView.swift; sourceTree = "<group>"; };
		73C7260C2D8203B3002EA262 /* HomeView.swift */ = {isa = PBXFileReference; lastKnownFileType = sourcecode.swift; path = HomeView.swift; sourceTree = "<group>"; };
		73C7260E2D8203C2002EA262 /* HomeViewModel.swift */ = {isa = PBXFileReference; lastKnownFileType = sourcecode.swift; path = HomeViewModel.swift; sourceTree = "<group>"; };
		73C726102D8203CF002EA262 /* MainView.swift */ = {isa = PBXFileReference; lastKnownFileType = sourcecode.swift; path = MainView.swift; sourceTree = "<group>"; };
		73C726122D8203DD002EA262 /* opainjectView.swift */ = {isa = PBXFileReference; lastKnownFileType = sourcecode.swift; path = opainjectView.swift; sourceTree = "<group>"; };
		73C726142D8203EE002EA262 /* ProdCardView.swift */ = {isa = PBXFileReference; lastKnownFileType = sourcecode.swift; path = ProdCardView.swift; sourceTree = "<group>"; };
		73C726162D820400002EA262 /* SettingsView.swift */ = {isa = PBXFileReference; lastKnownFileType = sourcecode.swift; path = SettingsView.swift; sourceTree = "<group>"; };
		73C7261B2D820454002EA262 /* Color++.swift */ = {isa = PBXFileReference; lastKnownFileType = sourcecode.swift; path = "Color++.swift"; sourceTree = "<group>"; };
		73C7261D2D820471002EA262 /* CoreServices.h */ = {isa = PBXFileReference; lastKnownFileType = sourcecode.c.h; path = CoreServices.h; sourceTree = "<group>"; };
		73C7261F2D820485002EA262 /* CoreServices.framework */ = {isa = PBXFileReference; lastKnownFileType = wrapper.framework; name = CoreServices.framework; path = System/Library/Frameworks/CoreServices.framework; sourceTree = SDKROOT; };
		73C726212D82048A002EA262 /* MobileCoreServices.framework */ = {isa = PBXFileReference; lastKnownFileType = wrapper.framework; name = MobileCoreServices.framework; path = System/Library/Frameworks/MobileCoreServices.framework; sourceTree = SDKROOT; };
		73C726232D8204B6002EA262 /* procode.swift */ = {isa = PBXFileReference; lastKnownFileType = sourcecode.swift; path = procode.swift; sourceTree = "<group>"; };
		73C726252D8204EA002EA262 /* Malsardev-Bridging-Header.h */ = {isa = PBXFileReference; lastKnownFileType = sourcecode.c.h; path = "Malsardev-Bridging-Header.h"; sourceTree = "<group>"; };
		73C726262D8204EA002EA262 /* TSUtil.m */ = {isa = PBXFileReference; lastKnownFileType = sourcecode.c.objc; path = TSUtil.m; sourceTree = "<group>"; };
		73C726282D820513002EA262 /* TSUtil.h */ = {isa = PBXFileReference; lastKnownFileType = sourcecode.c.h; path = TSUtil.h; sourceTree = "<group>"; };
		73C726292D820526002EA262 /* vm_unaligned_copy_switch_race.h */ = {isa = PBXFileReference; lastKnownFileType = sourcecode.c.h; path = vm_unaligned_copy_switch_race.h; sourceTree = "<group>"; };
		73C7262A2D820526002EA262 /* vm_unaligned_copy_switch_race.c */ = {isa = PBXFileReference; lastKnownFileType = sourcecode.c.c; path = vm_unaligned_copy_switch_race.c; sourceTree = "<group>"; };
		73C7262C2D820559002EA262 /* SpringBoardServices.h */ = {isa = PBXFileReference; lastKnownFileType = sourcecode.c.h; path = SpringBoardServices.h; sourceTree = "<group>"; };
		73C7262D2D820570002EA262 /* helpers.m */ = {isa = PBXFileReference; lastKnownFileType = sourcecode.c.objc; path = helpers.m; sourceTree = "<group>"; };
		73C7262F2D82057C002EA262 /* helpers.h */ = {isa = PBXFileReference; lastKnownFileType = sourcecode.c.h; path = helpers.h; sourceTree = "<group>"; };
		73C726302D8205A3002EA262 /* grant_full_disk_access.m */ = {isa = PBXFileReference; lastKnownFileType = sourcecode.c.objc; path = grant_full_disk_access.m; sourceTree = "<group>"; };
		73C726322D8205C3002EA262 /* grant_full_disk_access.h */ = {isa = PBXFileReference; lastKnownFileType = sourcecode.c.h; path = grant_full_disk_access.h; sourceTree = "<group>"; };
/* End PBXFileReference section */

/* Begin PBXFrameworksBuildPhase section */
		73C725B52D820207002EA262 /* Frameworks */ = {
			isa = PBXFrameworksBuildPhase;
			buildActionMask = 2147483647;
			files = (
				73C726222D82048A002EA262 /* MobileCoreServices.framework in Frameworks */,
				73C726202D820485002EA262 /* CoreServices.framework in Frameworks */,
			);
			runOnlyForDeploymentPostprocessing = 0;
		};
/* End PBXFrameworksBuildPhase section */

/* Begin PBXGroup section */
		73C725AF2D820207002EA262 = {
			isa = PBXGroup;
			children = (
				73C725BA2D820207002EA262 /* Malsardev */,
				73C725B92D820207002EA262 /* Products */,
				73C7261E2D820485002EA262 /* Frameworks */,
			);
			sourceTree = "<group>";
		};
		73C725B92D820207002EA262 /* Products */ = {
			isa = PBXGroup;
			children = (
				73C725B82D820207002EA262 /* Malsardev.app */,
			);
			name = Products;
			sourceTree = "<group>";
		};
		73C725BA2D820207002EA262 /* Malsardev */ = {
			isa = PBXGroup;
			children = (
				73C725BB2D820207002EA262 /* MalsardevApp.swift */,
				73C7261A2D820444002EA262 /* Ext+ */,
				73C726192D820420002EA262 /* View */,
				73C725BD2D820207002EA262 /* FatherView.swift */,
				73C726232D8204B6002EA262 /* procode.swift */,
				73C725BF2D820209002EA262 /* Assets.xcassets */,
				73C725C12D820209002EA262 /* Preview Content */,
			);
			path = Malsardev;
			sourceTree = "<group>";
		};
		73C725C12D820209002EA262 /* Preview Content */ = {
			isa = PBXGroup;
			children = (
				73C725C22D820209002EA262 /* Preview Assets.xcassets */,
			);
			path = "Preview Content";
			sourceTree = "<group>";
		};
		73C726192D820420002EA262 /* View */ = {
			isa = PBXGroup;
			children = (
				73C726062D82035E002EA262 /* AuthView.swift */,
				73C726102D8203CF002EA262 /* MainView.swift */,
				73C7260C2D8203B3002EA262 /* HomeView.swift */,
				73C726122D8203DD002EA262 /* opainjectView.swift */,
				73C4BC192D87132500B792A0 /* InstalledCardView.swift */,
				73C726162D820400002EA262 /* SettingsView.swift */,
				73C7260E2D8203C2002EA262 /* HomeViewModel.swift */,
				73C7260A2D82039D002EA262 /* ExpandedProdView.swift */,
				73C726142D8203EE002EA262 /* ProdCardView.swift */,
			);
			path = View;
			sourceTree = "<group>";
		};
		73C7261A2D820444002EA262 /* Ext+ */ = {
			isa = PBXGroup;
			children = (
				73C7261B2D820454002EA262 /* Color++.swift */,
				73C7261D2D820471002EA262 /* CoreServices.h */,
				73C7262C2D820559002EA262 /* SpringBoardServices.h */,
				73C726252D8204EA002EA262 /* Malsardev-Bridging-Header.h */,
				73C726262D8204EA002EA262 /* TSUtil.m */,
				73C726302D8205A3002EA262 /* grant_full_disk_access.m */,
				73C726322D8205C3002EA262 /* grant_full_disk_access.h */,
				73C726282D820513002EA262 /* TSUtil.h */,
				73C7262D2D820570002EA262 /* helpers.m */,
				73C7262F2D82057C002EA262 /* helpers.h */,
				73C7262A2D820526002EA262 /* vm_unaligned_copy_switch_race.c */,
				73C726292D820526002EA262 /* vm_unaligned_copy_switch_race.h */,
			);
			path = "Ext+";
			sourceTree = "<group>";
		};
		73C7261E2D820485002EA262 /* Frameworks */ = {
			isa = PBXGroup;
			children = (
				73C726212D82048A002EA262 /* MobileCoreServices.framework */,
				73C7261F2D820485002EA262 /* CoreServices.framework */,
			);
			name = Frameworks;
			sourceTree = "<group>";
		};
/* End PBXGroup section */

/* Begin PBXNativeTarget section */
		73C725B72D820207002EA262 /* Malsardev */ = {
			isa = PBXNativeTarget;
			buildConfigurationList = 73C725C62D820209002EA262 /* Build configuration list for PBXNativeTarget "Malsardev" */;
			buildPhases = (
				73C725B42D820207002EA262 /* Sources */,
				73C725B52D820207002EA262 /* Frameworks */,
				73C725B62D820207002EA262 /* Resources */,
			);
			buildRules = (
			);
			dependencies = (
			);
			name = Malsardev;
			productName = Malsardev;
			productReference = 73C725B82D820207002EA262 /* Malsardev.app */;
			productType = "com.apple.product-type.application";
		};
/* End PBXNativeTarget section */

/* Begin PBXProject section */
		73C725B02D820207002EA262 /* Project object */ = {
			isa = PBXProject;
			attributes = {
				BuildIndependentTargetsInParallel = 1;
				LastSwiftUpdateCheck = 1520;
				LastUpgradeCheck = 1520;
				TargetAttributes = {
					73C725B72D820207002EA262 = {
						CreatedOnToolsVersion = 15.2;
						LastSwiftMigration = 1520;
					};
				};
			};
			buildConfigurationList = 73C725B32D820207002EA262 /* Build configuration list for PBXProject "Malsardev" */;
			compatibilityVersion = "Xcode 14.0";
			developmentRegion = en;
			hasScannedForEncodings = 0;
			knownRegions = (
				en,
				Base,
			);
			mainGroup = 73C725AF2D820207002EA262;
			productRefGroup = 73C725B92D820207002EA262 /* Products */;
			projectDirPath = "";
			projectRoot = "";
			targets = (
				73C725B72D820207002EA262 /* Malsardev */,
			);
		};
/* End PBXProject section */

/* Begin PBXResourcesBuildPhase section */
		73C725B62D820207002EA262 /* Resources */ = {
			isa = PBXResourcesBuildPhase;
			buildActionMask = 2147483647;
			files = (
				73C725C32D820209002EA262 /* Preview Assets.xcassets in Resources */,
				73C725C02D820209002EA262 /* Assets.xcassets in Resources */,
			);
			runOnlyForDeploymentPostprocessing = 0;
		};
/* End PBXResourcesBuildPhase section */

/* Begin PBXSourcesBuildPhase section */
		73C725B42D820207002EA262 /* Sources */ = {
			isa = PBXSourcesBuildPhase;
			buildActionMask = 2147483647;
			files = (
				73C726112D8203CF002EA262 /* MainView.swift in Sources */,
				73C726132D8203DD002EA262 /* opainjectView.swift in Sources */,
				73C7262B2D820526002EA262 /* vm_unaligned_copy_switch_race.c in Sources */,
				73C726152D8203EE002EA262 /* ProdCardView.swift in Sources */,
				73C7262E2D820570002EA262 /* helpers.m in Sources */,
				73C725BE2D820207002EA262 /* FatherView.swift in Sources */,
				73C7260F2D8203C2002EA262 /* HomeViewModel.swift in Sources */,
				73C725BC2D820207002EA262 /* MalsardevApp.swift in Sources */,
				73C726272D8204EA002EA262 /* TSUtil.m in Sources */,
				73C7260D2D8203B3002EA262 /* HomeView.swift in Sources */,
				73C7260B2D82039D002EA262 /* ExpandedProdView.swift in Sources */,
				73C726242D8204B6002EA262 /* procode.swift in Sources */,
				73C726312D8205A3002EA262 /* grant_full_disk_access.m in Sources */,
				73C7261C2D820454002EA262 /* Color++.swift in Sources */,
				73C726072D82035E002EA262 /* AuthView.swift in Sources */,
				73C726172D820400002EA262 /* SettingsView.swift in Sources */,
				73C4BC1A2D87132500B792A0 /* InstalledCardView.swift in Sources */,
			);
			runOnlyForDeploymentPostprocessing = 0;
		};
/* End PBXSourcesBuildPhase section */

/* Begin XCBuildConfiguration section */
		73C725C42D820209002EA262 /* Debug */ = {
			isa = XCBuildConfiguration;
			buildSettings = {
				ALWAYS_SEARCH_USER_PATHS = NO;
				ASSETCATALOG_COMPILER_GENERATE_SWIFT_ASSET_SYMBOL_EXTENSIONS = YES;
				CLANG_ANALYZER_NONNULL = YES;
				CLANG_ANALYZER_NUMBER_OBJECT_CONVERSION = YES_AGGRESSIVE;
				CLANG_CXX_LANGUAGE_STANDARD = "gnu++20";
				CLANG_ENABLE_MODULES = YES;
				CLANG_ENABLE_OBJC_ARC = YES;
				CLANG_ENABLE_OBJC_WEAK = YES;
				CLANG_WARN_BLOCK_CAPTURE_AUTORELEASING = YES;
				CLANG_WARN_BOOL_CONVERSION = YES;
				CLANG_WARN_COMMA = YES;
				CLANG_WARN_CONSTANT_CONVERSION = YES;
				CLANG_WARN_DEPRECATED_OBJC_IMPLEMENTATIONS = YES;
				CLANG_WARN_DIRECT_OBJC_ISA_USAGE = YES_ERROR;
				CLANG_WARN_DOCUMENTATION_COMMENTS = YES;
				CLANG_WARN_EMPTY_BODY = YES;
				CLANG_WARN_ENUM_CONVERSION = YES;
				CLANG_WARN_INFINITE_RECURSION = YES;
				CLANG_WARN_INT_CONVERSION = YES;
				CLANG_WARN_NON_LITERAL_NULL_CONVERSION = YES;
				CLANG_WARN_OBJC_IMPLICIT_RETAIN_SELF = YES;
				CLANG_WARN_OBJC_LITERAL_CONVERSION = YES;
				CLANG_WARN_OBJC_ROOT_CLASS = YES_ERROR;
				CLANG_WARN_QUOTED_INCLUDE_IN_FRAMEWORK_HEADER = YES;
				CLANG_WARN_RANGE_LOOP_ANALYSIS = YES;
				CLANG_WARN_STRICT_PROTOTYPES = YES;
				CLANG_WARN_SUSPICIOUS_MOVE = YES;
				CLANG_WARN_UNGUARDED_AVAILABILITY = YES_AGGRESSIVE;
				CLANG_WARN_UNREACHABLE_CODE = YES;
				CLANG_WARN__DUPLICATE_METHOD_MATCH = YES;
				COPY_PHASE_STRIP = NO;
				DEBUG_INFORMATION_FORMAT = dwarf;
				ENABLE_STRICT_OBJC_MSGSEND = YES;
				ENABLE_TESTABILITY = YES;
				ENABLE_USER_SCRIPT_SANDBOXING = YES;
				GCC_C_LANGUAGE_STANDARD = gnu17;
				GCC_DYNAMIC_NO_PIC = NO;
				GCC_NO_COMMON_BLOCKS = YES;
				GCC_OPTIMIZATION_LEVEL = 0;
				GCC_PREPROCESSOR_DEFINITIONS = (
					"DEBUG=1",
					"$(inherited)",
				);
				GCC_WARN_64_TO_32_BIT_CONVERSION = YES;
				GCC_WARN_ABOUT_RETURN_TYPE = YES_ERROR;
				GCC_WARN_UNDECLARED_SELECTOR = YES;
				GCC_WARN_UNINITIALIZED_AUTOS = YES_AGGRESSIVE;
				GCC_WARN_UNUSED_FUNCTION = YES;
				GCC_WARN_UNUSED_VARIABLE = YES;
				IPHONEOS_DEPLOYMENT_TARGET = 17.2;
				LOCALIZATION_PREFERS_STRING_CATALOGS = YES;
				MTL_ENABLE_DEBUG_INFO = INCLUDE_SOURCE;
				MTL_FAST_MATH = YES;
				ONLY_ACTIVE_ARCH = YES;
				SDKROOT = iphoneos;
				SWIFT_ACTIVE_COMPILATION_CONDITIONS = "DEBUG $(inherited)";
				SWIFT_OPTIMIZATION_LEVEL = "-Onone";
			};
			name = Debug;
		};
		73C725C52D820209002EA262 /* Release */ = {
			isa = XCBuildConfiguration;
			buildSettings = {
				ALWAYS_SEARCH_USER_PATHS = NO;
				ASSETCATALOG_COMPILER_GENERATE_SWIFT_ASSET_SYMBOL_EXTENSIONS = YES;
				CLANG_ANALYZER_NONNULL = YES;
				CLANG_ANALYZER_NUMBER_OBJECT_CONVERSION = YES_AGGRESSIVE;
				CLANG_CXX_LANGUAGE_STANDARD = "gnu++20";
				CLANG_ENABLE_MODULES = YES;
				CLANG_ENABLE_OBJC_ARC = YES;
				CLANG_ENABLE_OBJC_WEAK = YES;
				CLANG_WARN_BLOCK_CAPTURE_AUTORELEASING = YES;
				CLANG_WARN_BOOL_CONVERSION = YES;
				CLANG_WARN_COMMA = YES;
				CLANG_WARN_CONSTANT_CONVERSION = YES;
				CLANG_WARN_DEPRECATED_OBJC_IMPLEMENTATIONS = YES;
				CLANG_WARN_DIRECT_OBJC_ISA_USAGE = YES_ERROR;
				CLANG_WARN_DOCUMENTATION_COMMENTS = YES;
				CLANG_WARN_EMPTY_BODY = YES;
				CLANG_WARN_ENUM_CONVERSION = YES;
				CLANG_WARN_INFINITE_RECURSION = YES;
				CLANG_WARN_INT_CONVERSION = YES;
				CLANG_WARN_NON_LITERAL_NULL_CONVERSION = YES;
				CLANG_WARN_OBJC_IMPLICIT_RETAIN_SELF = YES;
				CLANG_WARN_OBJC_LITERAL_CONVERSION = YES;
				CLANG_WARN_OBJC_ROOT_CLASS = YES_ERROR;
				CLANG_WARN_QUOTED_INCLUDE_IN_FRAMEWORK_HEADER = YES;
				CLANG_WARN_RANGE_LOOP_ANALYSIS = YES;
				CLANG_WARN_STRICT_PROTOTYPES = YES;
				CLANG_WARN_SUSPICIOUS_MOVE = YES;
				CLANG_WARN_UNGUARDED_AVAILABILITY = YES_AGGRESSIVE;
				CLANG_WARN_UNREACHABLE_CODE = YES;
				CLANG_WARN__DUPLICATE_METHOD_MATCH = YES;
				COPY_PHASE_STRIP = NO;
				DEBUG_INFORMATION_FORMAT = "dwarf-with-dsym";
				ENABLE_NS_ASSERTIONS = NO;
				ENABLE_STRICT_OBJC_MSGSEND = YES;
				ENABLE_USER_SCRIPT_SANDBOXING = YES;
				GCC_C_LANGUAGE_STANDARD = gnu17;
				GCC_NO_COMMON_BLOCKS = YES;
				GCC_WARN_64_TO_32_BIT_CONVERSION = YES;
				GCC_WARN_ABOUT_RETURN_TYPE = YES_ERROR;
				GCC_WARN_UNDECLARED_SELECTOR = YES;
				GCC_WARN_UNINITIALIZED_AUTOS = YES_AGGRESSIVE;
				GCC_WARN_UNUSED_FUNCTION = YES;
				GCC_WARN_UNUSED_VARIABLE = YES;
				IPHONEOS_DEPLOYMENT_TARGET = 17.2;
				LOCALIZATION_PREFERS_STRING_CATALOGS = YES;
				MTL_ENABLE_DEBUG_INFO = NO;
				MTL_FAST_MATH = YES;
				SDKROOT = iphoneos;
				SWIFT_COMPILATION_MODE = wholemodule;
				VALIDATE_PRODUCT = YES;
			};
			name = Release;
		};
		73C725C72D820209002EA262 /* Debug */ = {
			isa = XCBuildConfiguration;
			buildSettings = {
				ASSETCATALOG_COMPILER_APPICON_NAME = AppIcon;
				ASSETCATALOG_COMPILER_GLOBAL_ACCENT_COLOR_NAME = AccentColor;
				CLANG_ENABLE_MODULES = YES;
				CODE_SIGN_STYLE = Automatic;
				CURRENT_PROJECT_VERSION = 1;
				DEVELOPMENT_ASSET_PATHS = "\"Malsardev/Preview Content\"";
				DEVELOPMENT_TEAM = YKFFVW39D4;
				ENABLE_PREVIEWS = YES;
				GENERATE_INFOPLIST_FILE = YES;
				INFOPLIST_KEY_UIApplicationSceneManifest_Generation = YES;
				INFOPLIST_KEY_UIApplicationSupportsIndirectInputEvents = YES;
				INFOPLIST_KEY_UILaunchScreen_Generation = YES;
				INFOPLIST_KEY_UISupportedInterfaceOrientations_iPad = "UIInterfaceOrientationPortrait UIInterfaceOrientationPortraitUpsideDown UIInterfaceOrientationLandscapeLeft UIInterfaceOrientationLandscapeRight";
				INFOPLIST_KEY_UISupportedInterfaceOrientations_iPhone = "UIInterfaceOrientationPortrait UIInterfaceOrientationLandscapeLeft UIInterfaceOrientationLandscapeRight";
				IPHONEOS_DEPLOYMENT_TARGET = 15.0;
				LD_RUNPATH_SEARCH_PATHS = (
					"$(inherited)",
					"@executable_path/Frameworks",
				);
				MARKETING_VERSION = 1.0;
				PRODUCT_BUNDLE_IDENTIFIER = com.queque.Malsardev;
				PRODUCT_NAME = "$(TARGET_NAME)";
				SWIFT_EMIT_LOC_STRINGS = YES;
				SWIFT_OBJC_BRIDGING_HEADER = "Malsardev/Ext+/Malsardev-Bridging-Header.h";
				SWIFT_OPTIMIZATION_LEVEL = "-Onone";
				SWIFT_VERSION = 5.0;
				TARGETED_DEVICE_FAMILY = "1,2";
			};
			name = Debug;
		};
		73C725C82D820209002EA262 /* Release */ = {
			isa = XCBuildConfiguration;
			buildSettings = {
				ASSETCATALOG_COMPILER_APPICON_NAME = AppIcon;
				ASSETCATALOG_COMPILER_GLOBAL_ACCENT_COLOR_NAME = AccentColor;
				CLANG_ENABLE_MODULES = YES;
				CODE_SIGN_STYLE = Automatic;
				CURRENT_PROJECT_VERSION = 1;
				DEVELOPMENT_ASSET_PATHS = "\"Malsardev/Preview Content\"";
				DEVELOPMENT_TEAM = YKFFVW39D4;
				ENABLE_PREVIEWS = YES;
				GENERATE_INFOPLIST_FILE = YES;
				INFOPLIST_KEY_UIApplicationSceneManifest_Generation = YES;
				INFOPLIST_KEY_UIApplicationSupportsIndirectInputEvents = YES;
				INFOPLIST_KEY_UILaunchScreen_Generation = YES;
				INFOPLIST_KEY_UISupportedInterfaceOrientations_iPad = "UIInterfaceOrientationPortrait UIInterfaceOrientationPortraitUpsideDown UIInterfaceOrientationLandscapeLeft UIInterfaceOrientationLandscapeRight";
				INFOPLIST_KEY_UISupportedInterfaceOrientations_iPhone = "UIInterfaceOrientationPortrait UIInterfaceOrientationLandscapeLeft UIInterfaceOrientationLandscapeRight";
				IPHONEOS_DEPLOYMENT_TARGET = 15.0;
				LD_RUNPATH_SEARCH_PATHS = (
					"$(inherited)",
					"@executable_path/Frameworks",
				);
				MARKETING_VERSION = 1.0;
				PRODUCT_BUNDLE_IDENTIFIER = com.queque.Malsardev;
				PRODUCT_NAME = "$(TARGET_NAME)";
				SWIFT_EMIT_LOC_STRINGS = YES;
				SWIFT_OBJC_BRIDGING_HEADER = "Malsardev/Ext+/Malsardev-Bridging-Header.h";
				SWIFT_VERSION = 5.0;
				TARGETED_DEVICE_FAMILY = "1,2";
			};
			name = Release;
		};
/* End XCBuildConfiguration section */

/* Begin XCConfigurationList section */
		73C725B32D820207002EA262 /* Build configuration list for PBXProject "Malsardev" */ = {
			isa = XCConfigurationList;
			buildConfigurations = (
				73C725C42D820209002EA262 /* Debug */,
				73C725C52D820209002EA262 /* Release */,
			);
			defaultConfigurationIsVisible = 0;
			defaultConfigurationName = Release;
		};
		73C725C62D820209002EA262 /* Build configuration list for PBXNativeTarget "Malsardev" */ = {
			isa = XCConfigurationList;
			buildConfigurations = (
				73C725C72D820209002EA262 /* Debug */,
				73C725C82D820209002EA262 /* Release */,
			);
			defaultConfigurationIsVisible = 0;
			defaultConfigurationName = Release;
		};
/* End XCConfigurationList section */
	};
	rootObject = 73C725B02D820207002EA262 /* Project object */;
}
